
Microsoft Visual Studio Solution File, Format Version 12.00
# Visual Studio 14
VisualStudioVersion = 14.0.25420.1
MinimumVisualStudioVersion = 10.0.40219.1
Project("{2150E333-8FDC-42A3-9474-1A3956D46DE8}") = "src", "src", "{D3C5FF46-D5AD-4299-B6F0-36454C161069}"
EndProject
Project("{2150E333-8FDC-42A3-9474-1A3956D46DE8}") = "Solution Items", "Solution Items", "{A6810C56-A6D8-416F-9DE5-3D6EBE529B88}"
	ProjectSection(SolutionItems) = preProject
		global.json = global.json
	EndProjectSection
EndProject
Project("{8BB2217D-0F2D-49D1-97BC-3654ED321F3B}") = "FixerIOCore", "src\FixerIOCore\FixerIOCore.xproj", "{E832B376-886B-4A75-8DE8-05D727510437}"
EndProject
Global
	GlobalSection(SolutionConfigurationPlatforms) = preSolution
		Debug|Any CPU = Debug|Any CPU
		Release|Any CPU = Release|Any CPU
	EndGlobalSection
	GlobalSection(ProjectConfigurationPlatforms) = postSolution
		{E832B376-886B-4A75-8DE8-05D727510437}.Debug|Any CPU.ActiveCfg = Debug|Any CPU
		{E832B376-886B-4A75-8DE8-05D727510437}.Debug|Any CPU.Build.0 = Debug|Any CPU
		{E832B376-886B-4A75-8DE8-05D727510437}.Release|Any CPU.ActiveCfg = Release|Any CPU
		{E832B376-886B-4A75-8DE8-05D727510437}.Release|Any CPU.Build.0 = Release|Any CPU
	EndGlobalSection
	GlobalSection(SolutionProperties) = preSolution
		HideSolutionNode = FALSE
	EndGlobalSection
	GlobalSection(NestedProjects) = preSolution
		{E832B376-886B-4A75-8DE8-05D727510437} = {D3C5FF46-D5AD-4299-B6F0-36454C161069}
	EndGlobalSection
EndGlobal
